
Microsoft Visual Studio Solution File, Format Version 12.00
# Visual Studio Version 17
VisualStudioVersion = 17.5.2.0
MinimumVisualStudioVersion = 10.0.40219.1
Project("{2150E333-8FDC-42A3-9474-1A3956D46DE8}") = "Skák", "Skák", "{D35C0EDF-6C5F-6F1A-F2CB-D213D3FFFE02}"
EndProject
Project("{FAE04EC0-301F-11D3-BF4B-00C04F79EFBC}") = "dotnet", "Skák\dotnet\dotnet.csproj", "{C75BAA0B-A520-6498-A6BE-A06D085B1035}"
EndProject
Global
	GlobalSection(SolutionConfigurationPlatforms) = preSolution
		Debug|Any CPU = Debug|Any CPU
		Release|Any CPU = Release|Any CPU
	EndGlobalSection
	GlobalSection(ProjectConfigurationPlatforms) = postSolution
		{C75BAA0B-A520-6498-A6BE-A06D085B1035}.Debug|Any CPU.ActiveCfg = Debug|Any CPU
		{C75BAA0B-A520-6498-A6BE-A06D085B1035}.Debug|Any CPU.Build.0 = Debug|Any CPU
		{C75BAA0B-A520-6498-A6BE-A06D085B1035}.Release|Any CPU.ActiveCfg = Release|Any CPU
		{C75BAA0B-A520-6498-A6BE-A06D085B1035}.Release|Any CPU.Build.0 = Release|Any CPU
	EndGlobalSection
	GlobalSection(SolutionProperties) = preSolution
		HideSolutionNode = FALSE
	EndGlobalSection
	GlobalSection(NestedProjects) = preSolution
		{C75BAA0B-A520-6498-A6BE-A06D085B1035} = {D35C0EDF-6C5F-6F1A-F2CB-D213D3FFFE02}
	EndGlobalSection
	GlobalSection(ExtensibilityGlobals) = postSolution
		SolutionGuid = {89BEA44B-93FD-4E15-8435-DCEF18AB3F47}
	EndGlobalSection
EndGlobal
